// !$*UTF8*$!
{
	archiveVersion = 1;
	classes = {
	};
	objectVersion = 77;
	objects = {

/* Begin PBXBuildFile section */
		062E29E76A97D3D5CA2BEF38 /* CosineSimilarity.swift in Sources */ = {isa = PBXBuildFile; fileRef = 053CFD9AA32B3C25EA4488D7 /* CosineSimilarity.swift */; };
		0ED8F0E587E55F12CA5A03E6 /* MLXLMHFAPI in Frameworks */ = {isa = PBXBuildFile; productRef = 80D0FB5150457BEAC5CE580C /* MLXLMHFAPI */; };
		0FF8213FD3CC193FB267F499 /* DocumentProcessorTests.swift in Sources */ = {isa = PBXBuildFile; fileRef = 6B248F97A65F4F19F4DBDA95 /* DocumentProcessorTests.swift */; };
		1795201B501B829D0BE9E30C /* VectorStore.swift in Sources */ = {isa = PBXBuildFile; fileRef = 6EE1909469C5993885D2E6A2 /* VectorStore.swift */; };
		1BA84B4535AD142307021557 /* SettingsView.swift in Sources */ = {isa = PBXBuildFile; fileRef = 133D4441CA1993D30C67906A /* SettingsView.swift */; };
		1CE37C932A07E729B741955F /* MLXLMCommon in Frameworks */ = {isa = PBXBuildFile; productRef = 71EB3107E61C302B96996A71 /* MLXLMCommon */; };
		1DF358174798B6631B0FC48B /* ModelInfo.swift in Sources */ = {isa = PBXBuildFile; fileRef = 1ABF4AC050FAB1DB567F21F0 /* ModelInfo.swift */; };
		23727B9D203109A826DA3B94 /* ChatMessage.swift in Sources */ = {isa = PBXBuildFile; fileRef = 82BC2FC753C694FBC9333563 /* ChatMessage.swift */; };
		2809B82E26E4F8B3AF42D408 /* ContentView.swift in Sources */ = {isa = PBXBuildFile; fileRef = 2C3C8B370DFA4C0C5E49BC79 /* ContentView.swift */; };
		35257490CC41F24EA550A5E7 /* MessageBubble.swift in Sources */ = {isa = PBXBuildFile; fileRef = 52EEB86D9244351F52B4E4B8 /* MessageBubble.swift */; };
		375C7DE256A5ED305D600105 /* EmbeddingServiceIntegrationTests.swift in Sources */ = {isa = PBXBuildFile; fileRef = 8FAD1FCAC996073ADEA55872 /* EmbeddingServiceIntegrationTests.swift */; };
		39FEC9EAB02151A5A0F76E34 /* Document.swift in Sources */ = {isa = PBXBuildFile; fileRef = D2960754990E02D9BB66FCA2 /* Document.swift */; };
		3B068FCD4B87CB878DFF3573 /* MemoryMonitor.swift in Sources */ = {isa = PBXBuildFile; fileRef = CC75FFE75D1A4EC8EB9FF5BF /* MemoryMonitor.swift */; };
		3BFC1D5D59D21536AF21BEA6 /* ModelManager.swift in Sources */ = {isa = PBXBuildFile; fileRef = A4B116364D854C2E71B8E380 /* ModelManager.swift */; };
		3CF094BF661B0328D0867B83 /* MLXNN in Frameworks */ = {isa = PBXBuildFile; productRef = 446DE29BF9365E2BCFA21CF5 /* MLXNN */; };
		3E68E4350484EE4FD225D5AE /* VectorStoreTests.swift in Sources */ = {isa = PBXBuildFile; fileRef = 0109DBC7E6BDDDC8F1C6BF24 /* VectorStoreTests.swift */; };
		4441DC394F11157B4294EA76 /* DataModelTests.swift in Sources */ = {isa = PBXBuildFile; fileRef = 4A381BD513FBF750C9F95466 /* DataModelTests.swift */; };
		48355385830B690C0F0BB1B9 /* OnboardingView.swift in Sources */ = {isa = PBXBuildFile; fileRef = 0710EF871796EFA2BC0C4DD0 /* OnboardingView.swift */; };
		4FEDD1C85DCA41156F94B343 /* ChunkingStrategy.swift in Sources */ = {isa = PBXBuildFile; fileRef = 398F1B97288A19FE2503B584 /* ChunkingStrategy.swift */; };
		5DCEB120ABA99A11ECB5EC42 /* Gemma4Text.swift in Sources */ = {isa = PBXBuildFile; fileRef = 321B46E393498AEEC3A51DCF /* Gemma4Text.swift */; };
		CF603572C2252F9E6D50F1CA /* Gemma4Vision.swift in Sources */ = {isa = PBXBuildFile; fileRef = 3C91F3967182066202D8E93A /* Gemma4Vision.swift */; };
		664D62B9FE8D0DF4670EFB63 /* Gemma4VLM.swift in Sources */ = {isa = PBXBuildFile; fileRef = 61E6706DDDD4871857846DD7 /* Gemma4VLM.swift */; };
		5E046F72FB9B80F921FF957D /* TextChunk.swift in Sources */ = {isa = PBXBuildFile; fileRef = 2990B9093E413AE2F07C63CA /* TextChunk.swift */; };
		5F538BC45A11D3571425D528 /* Assets.xcassets in Resources */ = {isa = PBXBuildFile; fileRef = AE86124BC8833C2AC2555333 /* Assets.xcassets */; };
		6986586F8F0BFB4D5563D8BF /* CosineSimilarityTests.swift in Sources */ = {isa = PBXBuildFile; fileRef = AFB5EDF4B9B52EF51EB02383 /* CosineSimilarityTests.swift */; };
		6BC965B9D844CFB45003CA27 /* ModelManagerTests.swift in Sources */ = {isa = PBXBuildFile; fileRef = 68B2AFF328C8E35E2AEB99B1 /* ModelManagerTests.swift */; };
		71B33E7771BC05040B811A74 /* MemoryMonitorTests.swift in Sources */ = {isa = PBXBuildFile; fileRef = F0434400E32D2922979FB0C9 /* MemoryMonitorTests.swift */; };
		7E8D0D5D2A0B64BF122BB92E /* sample.pdf in Resources */ = {isa = PBXBuildFile; fileRef = 204C31876B399871B9AE580F /* sample.pdf */; };
		7FAE910BD41B46658811AE72 /* HermitApp.swift in Sources */ = {isa = PBXBuildFile; fileRef = EF539B1D728ADBC791738BD7 /* HermitApp.swift */; };
		8324CC963C2F462ACFEA20A2 /* LLMServiceIntegrationTests.swift in Sources */ = {isa = PBXBuildFile; fileRef = B27B12DDE0793C382B4CCCF6 /* LLMServiceIntegrationTests.swift */; };
		83C8F2E7B7A2FF70DD000B54 /* ChatViewModel.swift in Sources */ = {isa = PBXBuildFile; fileRef = 827727CF5F82BA7F8BB0D1AF /* ChatViewModel.swift */; };
		8867A36E35C53C8A5640EAB2 /* EmbeddingService.swift in Sources */ = {isa = PBXBuildFile; fileRef = 2C9F80BB7E9596D45FB44299 /* EmbeddingService.swift */; };
		8A6223BA4964098166B82603 /* LLMService.swift in Sources */ = {isa = PBXBuildFile; fileRef = 6075305059054DB6E8DB88BD /* LLMService.swift */; };
		8DCB1EFD3E789464843509F5 /* ChatView.swift in Sources */ = {isa = PBXBuildFile; fileRef = 0685D04CCB372D3CA5F49067 /* ChatView.swift */; };
		974C3440CC60F80A5CFDCDC4 /* ChunkingStrategyTests.swift in Sources */ = {isa = PBXBuildFile; fileRef = 5286689D1DF8EE13639695F7 /* ChunkingStrategyTests.swift */; };
		9CC7B17CF15C4AFE26F491B8 /* PrivacyBadge.swift in Sources */ = {isa = PBXBuildFile; fileRef = 7E74D8186C3161305AC7FD8E /* PrivacyBadge.swift */; };
		9CF5163787440D1A5CFCD57E /* sample.txt in Resources */ = {isa = PBXBuildFile; fileRef = 1FB88BDC1C2B30C6531C22DE /* sample.txt */; };
		A64FC7F4991D0C1A3FF82E35 /* ModelManagerLoadTests.swift in Sources */ = {isa = PBXBuildFile; fileRef = C76CC5973CBCC57D8BA7CA5D /* ModelManagerLoadTests.swift */; };
		A955EE7538060C3D38664153 /* ChatViewModelTests.swift in Sources */ = {isa = PBXBuildFile; fileRef = 36B136C1534240FD865B9DA9 /* ChatViewModelTests.swift */; };
		A9578A64F0E40ADD1CEBE7BB /* MLX in Frameworks */ = {isa = PBXBuildFile; productRef = C6B7AE9D7E8B7C7EE587FE43 /* MLX */; };
		AC51B3D0EAB15F27BE796AF9 /* DocumentProcessor.swift in Sources */ = {isa = PBXBuildFile; fileRef = 3CC0AA2A8B1E4AF64066ED01 /* DocumentProcessor.swift */; };
		ACA2FB48D1523A4E43C6F52B /* DownloadProgressView.swift in Sources */ = {isa = PBXBuildFile; fileRef = 638BBD79D143B1B43A16C1AE /* DownloadProgressView.swift */; };
		C03CD13636BDF68834846A0E /* DocumentDetailView.swift in Sources */ = {isa = PBXBuildFile; fileRef = 76F8C26E844BC85CC7C6B4B6 /* DocumentDetailView.swift */; };
		C3767BB500CCF6B5F1D69513 /* MLXEmbeddersHFAPI in Frameworks */ = {isa = PBXBuildFile; productRef = E5CCB770138DB30705413B1C /* MLXEmbeddersHFAPI */; };
		D1F66464188C4FB19382D2B3 /* MLXEmbedders in Frameworks */ = {isa = PBXBuildFile; productRef = 687D05517582B55AFA650074 /* MLXEmbedders */; };
		D52B4FC9197769DC5467183B /* DocumentViewModel.swift in Sources */ = {isa = PBXBuildFile; fileRef = 5676F84191A736C6D47B35DE /* DocumentViewModel.swift */; };
		D62F99212E2FA02DA8AE75BA /* MLXLMTokenizers in Frameworks */ = {isa = PBXBuildFile; productRef = 17DE4547CDA6641702324946 /* MLXLMTokenizers */; };
		D8E3304BC5A96F78362DF0BA /* MLXLLM in Frameworks */ = {isa = PBXBuildFile; productRef = 53118A446E6A226F79469D5B /* MLXLLM */; };
		F03BA4AC0DAA172142A60627 /* DocumentListView.swift in Sources */ = {isa = PBXBuildFile; fileRef = 479CC4BE76B818A379372C47 /* DocumentListView.swift */; };
		F129A32122EB4886870AFBCB /* RAGEngine.swift in Sources */ = {isa = PBXBuildFile; fileRef = BAFB7CBD3668A606647680F4 /* RAGEngine.swift */; };
		F5BFAEDA46D2E5643D8A9975 /* StreamingIndicator.swift in Sources */ = {isa = PBXBuildFile; fileRef = 2057DE5144A960A73798A6A6 /* StreamingIndicator.swift */; };
		F61EEF8291066AA7D0CEB7F3 /* RAGEngineTests.swift in Sources */ = {isa = PBXBuildFile; fileRef = C14BFE9BABC5A042A8FE560A /* RAGEngineTests.swift */; };
		FC480DF935C2AAC9E936D299 /* OnboardingViewModel.swift in Sources */ = {isa = PBXBuildFile; fileRef = 5B0F72FD463B3A6CAF5CEE96 /* OnboardingViewModel.swift */; };
/* End PBXBuildFile section */

/* Begin PBXContainerItemProxy section */
		444CB04A7A5505B8753829D8 /* PBXContainerItemProxy */ = {
			isa = PBXContainerItemProxy;
			containerPortal = 33CC8C8311042E49570FB75D /* Project object */;
			proxyType = 1;
			remoteGlobalIDString = 04794B6463FB4AB3D5D4ED57;
			remoteInfo = Hermit;
		};
/* End PBXContainerItemProxy section */

/* Begin PBXFileReference section */
		0109DBC7E6BDDDC8F1C6BF24 /* VectorStoreTests.swift */ = {isa = PBXFileReference; lastKnownFileType = sourcecode.swift; path = VectorStoreTests.swift; sourceTree = "<group>"; };
		053CFD9AA32B3C25EA4488D7 /* CosineSimilarity.swift */ = {isa = PBXFileReference; lastKnownFileType = sourcecode.swift; path = CosineSimilarity.swift; sourceTree = "<group>"; };
		05E18749795DF5EEDA49C0E4 /* Hermit.entitlements */ = {isa = PBXFileReference; lastKnownFileType = text.plist.entitlements; path = Hermit.entitlements; sourceTree = "<group>"; };
		0685D04CCB372D3CA5F49067 /* ChatView.swift */ = {isa = PBXFileReference; lastKnownFileType = sourcecode.swift; path = ChatView.swift; sourceTree = "<group>"; };
		0710EF871796EFA2BC0C4DD0 /* OnboardingView.swift */ = {isa = PBXFileReference; lastKnownFileType = sourcecode.swift; path = OnboardingView.swift; sourceTree = "<group>"; };
		133D4441CA1993D30C67906A /* SettingsView.swift */ = {isa = PBXFileReference; lastKnownFileType = sourcecode.swift; path = SettingsView.swift; sourceTree = "<group>"; };
		1ABF4AC050FAB1DB567F21F0 /* ModelInfo.swift */ = {isa = PBXFileReference; lastKnownFileType = sourcecode.swift; path = ModelInfo.swift; sourceTree = "<group>"; };
		1FB88BDC1C2B30C6531C22DE /* sample.txt */ = {isa = PBXFileReference; lastKnownFileType = text; path = sample.txt; sourceTree = "<group>"; };
		204C31876B399871B9AE580F /* sample.pdf */ = {isa = PBXFileReference; lastKnownFileType = image.pdf; path = sample.pdf; sourceTree = "<group>"; };
		2057DE5144A960A73798A6A6 /* StreamingIndicator.swift */ = {isa = PBXFileReference; lastKnownFileType = sourcecode.swift; path = StreamingIndicator.swift; sourceTree = "<group>"; };
		2990B9093E413AE2F07C63CA /* TextChunk.swift */ = {isa = PBXFileReference; lastKnownFileType = sourcecode.swift; path = TextChunk.swift; sourceTree = "<group>"; };
		2C3C8B370DFA4C0C5E49BC79 /* ContentView.swift */ = {isa = PBXFileReference; lastKnownFileType = sourcecode.swift; path = ContentView.swift; sourceTree = "<group>"; };
		2C9F80BB7E9596D45FB44299 /* EmbeddingService.swift */ = {isa = PBXFileReference; lastKnownFileType = sourcecode.swift; path = EmbeddingService.swift; sourceTree = "<group>"; };
		321B46E393498AEEC3A51DCF /* Gemma4Text.swift */ = {isa = PBXFileReference; lastKnownFileType = sourcecode.swift; path = Gemma4Text.swift; sourceTree = "<group>"; };
		3C91F3967182066202D8E93A /* Gemma4Vision.swift */ = {isa = PBXFileReference; lastKnownFileType = sourcecode.swift; path = Gemma4Vision.swift; sourceTree = "<group>"; };
		61E6706DDDD4871857846DD7 /* Gemma4VLM.swift */ = {isa = PBXFileReference; lastKnownFileType = sourcecode.swift; path = Gemma4VLM.swift; sourceTree = "<group>"; };
		36B136C1534240FD865B9DA9 /* ChatViewModelTests.swift */ = {isa = PBXFileReference; lastKnownFileType = sourcecode.swift; path = ChatViewModelTests.swift; sourceTree = "<group>"; };
		398F1B97288A19FE2503B584 /* ChunkingStrategy.swift */ = {isa = PBXFileReference; lastKnownFileType = sourcecode.swift; path = ChunkingStrategy.swift; sourceTree = "<group>"; };
		3CC0AA2A8B1E4AF64066ED01 /* DocumentProcessor.swift */ = {isa = PBXFileReference; lastKnownFileType = sourcecode.swift; path = DocumentProcessor.swift; sourceTree = "<group>"; };
		479CC4BE76B818A379372C47 /* DocumentListView.swift */ = {isa = PBXFileReference; lastKnownFileType = sourcecode.swift; path = DocumentListView.swift; sourceTree = "<group>"; };
		4A381BD513FBF750C9F95466 /* DataModelTests.swift */ = {isa = PBXFileReference; lastKnownFileType = sourcecode.swift; path = DataModelTests.swift; sourceTree = "<group>"; };
		5286689D1DF8EE13639695F7 /* ChunkingStrategyTests.swift */ = {isa = PBXFileReference; lastKnownFileType = sourcecode.swift; path = ChunkingStrategyTests.swift; sourceTree = "<group>"; };
		52EEB86D9244351F52B4E4B8 /* MessageBubble.swift */ = {isa = PBXFileReference; lastKnownFileType = sourcecode.swift; path = MessageBubble.swift; sourceTree = "<group>"; };
		5676F84191A736C6D47B35DE /* DocumentViewModel.swift */ = {isa = PBXFileReference; lastKnownFileType = sourcecode.swift; path = DocumentViewModel.swift; sourceTree = "<group>"; };
		5B0F72FD463B3A6CAF5CEE96 /* OnboardingViewModel.swift */ = {isa = PBXFileReference; lastKnownFileType = sourcecode.swift; path = OnboardingViewModel.swift; sourceTree = "<group>"; };
		6075305059054DB6E8DB88BD /* LLMService.swift */ = {isa = PBXFileReference; lastKnownFileType = sourcecode.swift; path = LLMService.swift; sourceTree = "<group>"; };
		638BBD79D143B1B43A16C1AE /* DownloadProgressView.swift */ = {isa = PBXFileReference; lastKnownFileType = sourcecode.swift; path = DownloadProgressView.swift; sourceTree = "<group>"; };
		68B2AFF328C8E35E2AEB99B1 /* ModelManagerTests.swift */ = {isa = PBXFileReference; lastKnownFileType = sourcecode.swift; path = ModelManagerTests.swift; sourceTree = "<group>"; };
		6A047974E25485A438CA176F /* Hermit.app */ = {isa = PBXFileReference; explicitFileType = wrapper.application; includeInIndex = 0; path = Hermit.app; sourceTree = BUILT_PRODUCTS_DIR; };
		6B248F97A65F4F19F4DBDA95 /* DocumentProcessorTests.swift */ = {isa = PBXFileReference; lastKnownFileType = sourcecode.swift; path = DocumentProcessorTests.swift; sourceTree = "<group>"; };
		6EE1909469C5993885D2E6A2 /* VectorStore.swift */ = {isa = PBXFileReference; lastKnownFileType = sourcecode.swift; path = VectorStore.swift; sourceTree = "<group>"; };
		76F8C26E844BC85CC7C6B4B6 /* DocumentDetailView.swift */ = {isa = PBXFileReference; lastKnownFileType = sourcecode.swift; path = DocumentDetailView.swift; sourceTree = "<group>"; };
		7E74D8186C3161305AC7FD8E /* PrivacyBadge.swift */ = {isa = PBXFileReference; lastKnownFileType = sourcecode.swift; path = PrivacyBadge.swift; sourceTree = "<group>"; };
		827727CF5F82BA7F8BB0D1AF /* ChatViewModel.swift */ = {isa = PBXFileReference; lastKnownFileType = sourcecode.swift; path = ChatViewModel.swift; sourceTree = "<group>"; };
		82BC2FC753C694FBC9333563 /* ChatMessage.swift */ = {isa = PBXFileReference; lastKnownFileType = sourcecode.swift; path = ChatMessage.swift; sourceTree = "<group>"; };
		8FAD1FCAC996073ADEA55872 /* EmbeddingServiceIntegrationTests.swift */ = {isa = PBXFileReference; lastKnownFileType = sourcecode.swift; path = EmbeddingServiceIntegrationTests.swift; sourceTree = "<group>"; };
		A362DE990A1B4A26BE5C33F2 /* HermitTests.xctest */ = {isa = PBXFileReference; includeInIndex = 0; lastKnownFileType = wrapper.cfbundle; path = HermitTests.xctest; sourceTree = BUILT_PRODUCTS_DIR; };
		A4B116364D854C2E71B8E380 /* ModelManager.swift */ = {isa = PBXFileReference; lastKnownFileType = sourcecode.swift; path = ModelManager.swift; sourceTree = "<group>"; };
		AE86124BC8833C2AC2555333 /* Assets.xcassets */ = {isa = PBXFileReference; lastKnownFileType = folder.assetcatalog; path = Assets.xcassets; sourceTree = "<group>"; };
		AFB5EDF4B9B52EF51EB02383 /* CosineSimilarityTests.swift */ = {isa = PBXFileReference; lastKnownFileType = sourcecode.swift; path = CosineSimilarityTests.swift; sourceTree = "<group>"; };
		B27B12DDE0793C382B4CCCF6 /* LLMServiceIntegrationTests.swift */ = {isa = PBXFileReference; lastKnownFileType = sourcecode.swift; path = LLMServiceIntegrationTests.swift; sourceTree = "<group>"; };
		BAFB7CBD3668A606647680F4 /* RAGEngine.swift */ = {isa = PBXFileReference; lastKnownFileType = sourcecode.swift; path = RAGEngine.swift; sourceTree = "<group>"; };
		C14BFE9BABC5A042A8FE560A /* RAGEngineTests.swift */ = {isa = PBXFileReference; lastKnownFileType = sourcecode.swift; path = RAGEngineTests.swift; sourceTree = "<group>"; };
		C76CC5973CBCC57D8BA7CA5D /* ModelManagerLoadTests.swift */ = {isa = PBXFileReference; lastKnownFileType = sourcecode.swift; path = ModelManagerLoadTests.swift; sourceTree = "<group>"; };
		CC75FFE75D1A4EC8EB9FF5BF /* MemoryMonitor.swift */ = {isa = PBXFileReference; lastKnownFileType = sourcecode.swift; path = MemoryMonitor.swift; sourceTree = "<group>"; };
		D2960754990E02D9BB66FCA2 /* Document.swift */ = {isa = PBXFileReference; lastKnownFileType = sourcecode.swift; path = Document.swift; sourceTree = "<group>"; };
		EF539B1D728ADBC791738BD7 /* HermitApp.swift */ = {isa = PBXFileReference; lastKnownFileType = sourcecode.swift; path = HermitApp.swift; sourceTree = "<group>"; };
		F0434400E32D2922979FB0C9 /* MemoryMonitorTests.swift */ = {isa = PBXFileReference; lastKnownFileType = sourcecode.swift; path = MemoryMonitorTests.swift; sourceTree = "<group>"; };
/* End PBXFileReference section */

/* Begin PBXFrameworksBuildPhase section */
		A31CAA0CD2F654DBF71DC9D4 /* Frameworks */ = {
			isa = PBXFrameworksBuildPhase;
			buildActionMask = 2147483647;
			files = (
				A9578A64F0E40ADD1CEBE7BB /* MLX in Frameworks */,
				3CF094BF661B0328D0867B83 /* MLXNN in Frameworks */,
				D8E3304BC5A96F78362DF0BA /* MLXLLM in Frameworks */,
				D1F66464188C4FB19382D2B3 /* MLXEmbedders in Frameworks */,
				1CE37C932A07E729B741955F /* MLXLMCommon in Frameworks */,
				D62F99212E2FA02DA8AE75BA /* MLXLMTokenizers in Frameworks */,
				0ED8F0E587E55F12CA5A03E6 /* MLXLMHFAPI in Frameworks */,
				C3767BB500CCF6B5F1D69513 /* MLXEmbeddersHFAPI in Frameworks */,
			);
			runOnlyForDeploymentPostprocessing = 0;
		};
/* End PBXFrameworksBuildPhase section */

/* Begin PBXGroup section */
		09A52693FC300E25957EA687 /* Onboarding */ = {
			isa = PBXGroup;
			children = (
				638BBD79D143B1B43A16C1AE /* DownloadProgressView.swift */,
				0710EF871796EFA2BC0C4DD0 /* OnboardingView.swift */,
			);
			path = Onboarding;
			sourceTree = "<group>";
		};
		1180C73B7C9E5EC8E295A94D /* Models */ = {
			isa = PBXGroup;
			children = (
				82BC2FC753C694FBC9333563 /* ChatMessage.swift */,
				D2960754990E02D9BB66FCA2 /* Document.swift */,
				1ABF4AC050FAB1DB567F21F0 /* ModelInfo.swift */,
				2990B9093E413AE2F07C63CA /* TextChunk.swift */,
			);
			path = Models;
			sourceTree = "<group>";
		};
		16041560DFD65685175A3AD8 /* Chat */ = {
			isa = PBXGroup;
			children = (
				0685D04CCB372D3CA5F49067 /* ChatView.swift */,
				52EEB86D9244351F52B4E4B8 /* MessageBubble.swift */,
				2057DE5144A960A73798A6A6 /* StreamingIndicator.swift */,
			);
			path = Chat;
			sourceTree = "<group>";
		};
		167E22E0063E979DBB588D98 /* Hermit */ = {
			isa = PBXGroup;
			children = (
				AE86124BC8833C2AC2555333 /* Assets.xcassets */,
				2C3C8B370DFA4C0C5E49BC79 /* ContentView.swift */,
				05E18749795DF5EEDA49C0E4 /* Hermit.entitlements */,
				EF539B1D728ADBC791738BD7 /* HermitApp.swift */,
				1180C73B7C9E5EC8E295A94D /* Models */,
				76C5001A30745C521F608216 /* Services */,
				7540F1F95581E2ACA63974D5 /* Utilities */,
				BB87371CD8472B3C92426A45 /* ViewModels */,
				F2D836D2EDD88E72B39ABB0C /* Views */,
			);
			path = Hermit;
			sourceTree = "<group>";
		};
		1EC2F91CE53733379322C750 /* Settings */ = {
			isa = PBXGroup;
			children = (
				133D4441CA1993D30C67906A /* SettingsView.swift */,
			);
			path = Settings;
			sourceTree = "<group>";
		};
		24A6A617B66132B0177E32E7 /* Fixtures */ = {
			isa = PBXGroup;
			children = (
				204C31876B399871B9AE580F /* sample.pdf */,
				1FB88BDC1C2B30C6531C22DE /* sample.txt */,
			);
			path = Fixtures;
			sourceTree = "<group>";
		};
		3D10D621436603A2EC508967 /* HermitTests */ = {
			isa = PBXGroup;
			children = (
				24A6A617B66132B0177E32E7 /* Fixtures */,
				B330BC540E133AC7290345B9 /* Models */,
				A7C4EC90469BA2ECAED580A5 /* Services */,
				8E0119921A284D3872945C9F /* Utilities */,
				E52B1A2D3DC8D7DC99637474 /* ViewModels */,
			);
			path = HermitTests;
			sourceTree = "<group>";
		};
		3FBE92D99D81DBFC5D4A260E /* Products */ = {
			isa = PBXGroup;
			children = (
				6A047974E25485A438CA176F /* Hermit.app */,
				A362DE990A1B4A26BE5C33F2 /* HermitTests.xctest */,
			);
			name = Products;
			sourceTree = "<group>";
		};
		7540F1F95581E2ACA63974D5 /* Utilities */ = {
			isa = PBXGroup;
			children = (
				053CFD9AA32B3C25EA4488D7 /* CosineSimilarity.swift */,
				CC75FFE75D1A4EC8EB9FF5BF /* MemoryMonitor.swift */,
			);
			path = Utilities;
			sourceTree = "<group>";
		};
		76C5001A30745C521F608216 /* Services */ = {
			isa = PBXGroup;
			children = (
				398F1B97288A19FE2503B584 /* ChunkingStrategy.swift */,
				3CC0AA2A8B1E4AF64066ED01 /* DocumentProcessor.swift */,
				2C9F80BB7E9596D45FB44299 /* EmbeddingService.swift */,
				321B46E393498AEEC3A51DCF /* Gemma4Text.swift */,
				3C91F3967182066202D8E93A /* Gemma4Vision.swift */,
				61E6706DDDD4871857846DD7 /* Gemma4VLM.swift */,
				6075305059054DB6E8DB88BD /* LLMService.swift */,
				A4B116364D854C2E71B8E380 /* ModelManager.swift */,
				BAFB7CBD3668A606647680F4 /* RAGEngine.swift */,
				6EE1909469C5993885D2E6A2 /* VectorStore.swift */,
			);
			path = Services;
			sourceTree = "<group>";
		};
		8E0119921A284D3872945C9F /* Utilities */ = {
			isa = PBXGroup;
			children = (
				AFB5EDF4B9B52EF51EB02383 /* CosineSimilarityTests.swift */,
				F0434400E32D2922979FB0C9 /* MemoryMonitorTests.swift */,
			);
			path = Utilities;
			sourceTree = "<group>";
		};
		A7C4EC90469BA2ECAED580A5 /* Services */ = {
			isa = PBXGroup;
			children = (
				5286689D1DF8EE13639695F7 /* ChunkingStrategyTests.swift */,
				6B248F97A65F4F19F4DBDA95 /* DocumentProcessorTests.swift */,
				8FAD1FCAC996073ADEA55872 /* EmbeddingServiceIntegrationTests.swift */,
				B27B12DDE0793C382B4CCCF6 /* LLMServiceIntegrationTests.swift */,
				C76CC5973CBCC57D8BA7CA5D /* ModelManagerLoadTests.swift */,
				68B2AFF328C8E35E2AEB99B1 /* ModelManagerTests.swift */,
				C14BFE9BABC5A042A8FE560A /* RAGEngineTests.swift */,
				0109DBC7E6BDDDC8F1C6BF24 /* VectorStoreTests.swift */,
			);
			path = Services;
			sourceTree = "<group>";
		};
		B330BC540E133AC7290345B9 /* Models */ = {
			isa = PBXGroup;
			children = (
				4A381BD513FBF750C9F95466 /* DataModelTests.swift */,
			);
			path = Models;
			sourceTree = "<group>";
		};
		BB87371CD8472B3C92426A45 /* ViewModels */ = {
			isa = PBXGroup;
			children = (
				827727CF5F82BA7F8BB0D1AF /* ChatViewModel.swift */,
				5676F84191A736C6D47B35DE /* DocumentViewModel.swift */,
				5B0F72FD463B3A6CAF5CEE96 /* OnboardingViewModel.swift */,
			);
			path = ViewModels;
			sourceTree = "<group>";
		};
		D93D66FE9FCBD1780638EFFC /* Documents */ = {
			isa = PBXGroup;
			children = (
				76F8C26E844BC85CC7C6B4B6 /* DocumentDetailView.swift */,
				479CC4BE76B818A379372C47 /* DocumentListView.swift */,
			);
			path = Documents;
			sourceTree = "<group>";
		};
		E52B1A2D3DC8D7DC99637474 /* ViewModels */ = {
			isa = PBXGroup;
			children = (
				36B136C1534240FD865B9DA9 /* ChatViewModelTests.swift */,
			);
			path = ViewModels;
			sourceTree = "<group>";
		};
		ED7EA2DBB88088883B89BBBC = {
			isa = PBXGroup;
			children = (
				167E22E0063E979DBB588D98 /* Hermit */,
				3D10D621436603A2EC508967 /* HermitTests */,
				3FBE92D99D81DBFC5D4A260E /* Products */,
			);
			sourceTree = "<group>";
		};
		F2D836D2EDD88E72B39ABB0C /* Views */ = {
			isa = PBXGroup;
			children = (
				7E74D8186C3161305AC7FD8E /* PrivacyBadge.swift */,
				16041560DFD65685175A3AD8 /* Chat */,
				D93D66FE9FCBD1780638EFFC /* Documents */,
				09A52693FC300E25957EA687 /* Onboarding */,
				1EC2F91CE53733379322C750 /* Settings */,
			);
			path = Views;
			sourceTree = "<group>";
		};
/* End PBXGroup section */

/* Begin PBXNativeTarget section */
		04794B6463FB4AB3D5D4ED57 /* Hermit */ = {
			isa = PBXNativeTarget;
			buildConfigurationList = 01952ADC3E713A3CE50EFCE8 /* Build configuration list for PBXNativeTarget "Hermit" */;
			buildPhases = (
				DC38B52B1B7AB3A68681C4FC /* Sources */,
				6E16192AD0A1C224931C0B6E /* Resources */,
				A31CAA0CD2F654DBF71DC9D4 /* Frameworks */,
			);
			buildRules = (
			);
			dependencies = (
			);
			name = Hermit;
			packageProductDependencies = (
				C6B7AE9D7E8B7C7EE587FE43 /* MLX */,
				446DE29BF9365E2BCFA21CF5 /* MLXNN */,
				53118A446E6A226F79469D5B /* MLXLLM */,
				687D05517582B55AFA650074 /* MLXEmbedders */,
				71EB3107E61C302B96996A71 /* MLXLMCommon */,
				17DE4547CDA6641702324946 /* MLXLMTokenizers */,
				80D0FB5150457BEAC5CE580C /* MLXLMHFAPI */,
				E5CCB770138DB30705413B1C /* MLXEmbeddersHFAPI */,
			);
			productName = Hermit;
			productReference = 6A047974E25485A438CA176F /* Hermit.app */;
			productType = "com.apple.product-type.application";
		};
		B3D528C783EAC0830C195D5C /* HermitTests */ = {
			isa = PBXNativeTarget;
			buildConfigurationList = 7174661D73FDE5393FDD9054 /* Build configuration list for PBXNativeTarget "HermitTests" */;
			buildPhases = (
				CF6F3AA62BD6B7461042826A /* Sources */,
				65E2FF7F1B1B3D938D842BA1 /* Resources */,
			);
			buildRules = (
			);
			dependencies = (
				4996D6A1D139B25C49463502 /* PBXTargetDependency */,
			);
			name = HermitTests;
			packageProductDependencies = (
			);
			productName = HermitTests;
			productReference = A362DE990A1B4A26BE5C33F2 /* HermitTests.xctest */;
			productType = "com.apple.product-type.bundle.unit-test";
		};
/* End PBXNativeTarget section */

/* Begin PBXProject section */
		33CC8C8311042E49570FB75D /* Project object */ = {
			isa = PBXProject;
			attributes = {
				BuildIndependentTargetsInParallel = YES;
				LastUpgradeCheck = 1600;
			};
			buildConfigurationList = 7AC6A0295E4A3B2E9B323818 /* Build configuration list for PBXProject "Hermit" */;
			developmentRegion = en;
			hasScannedForEncodings = 0;
			knownRegions = (
				Base,
				en,
			);
			mainGroup = ED7EA2DBB88088883B89BBBC;
			minimizedProjectReferenceProxies = 1;
			packageReferences = (
				13B1DB36B025B21BFC63FEAB /* XCRemoteSwiftPackageReference "mlx-swift" */,
				9F068CFC8E11424B54585C2A /* XCRemoteSwiftPackageReference "mlx-swift-lm" */,
				7D9D3E30E01317B445A36534 /* XCRemoteSwiftPackageReference "swift-hf-api-mlx" */,
				06A4A0E38D45F35ED613BEFF /* XCRemoteSwiftPackageReference "swift-tokenizers-mlx" */,
			);
			preferredProjectObjectVersion = 77;
			productRefGroup = 3FBE92D99D81DBFC5D4A260E /* Products */;
			projectDirPath = "";
			projectRoot = "";
			targets = (
				04794B6463FB4AB3D5D4ED57 /* Hermit */,
				B3D528C783EAC0830C195D5C /* HermitTests */,
			);
		};
/* End PBXProject section */

/* Begin PBXResourcesBuildPhase section */
		65E2FF7F1B1B3D938D842BA1 /* Resources */ = {
			isa = PBXResourcesBuildPhase;
			buildActionMask = 2147483647;
			files = (
				7E8D0D5D2A0B64BF122BB92E /* sample.pdf in Resources */,
				9CF5163787440D1A5CFCD57E /* sample.txt in Resources */,
			);
			runOnlyForDeploymentPostprocessing = 0;
		};
		6E16192AD0A1C224931C0B6E /* Resources */ = {
			isa = PBXResourcesBuildPhase;
			buildActionMask = 2147483647;
			files = (
				5F538BC45A11D3571425D528 /* Assets.xcassets in Resources */,
			);
			runOnlyForDeploymentPostprocessing = 0;
		};
/* End PBXResourcesBuildPhase section */

/* Begin PBXSourcesBuildPhase section */
		CF6F3AA62BD6B7461042826A /* Sources */ = {
			isa = PBXSourcesBuildPhase;
			buildActionMask = 2147483647;
			files = (
				A955EE7538060C3D38664153 /* ChatViewModelTests.swift in Sources */,
				974C3440CC60F80A5CFDCDC4 /* ChunkingStrategyTests.swift in Sources */,
				6986586F8F0BFB4D5563D8BF /* CosineSimilarityTests.swift in Sources */,
				4441DC394F11157B4294EA76 /* DataModelTests.swift in Sources */,
				0FF8213FD3CC193FB267F499 /* DocumentProcessorTests.swift in Sources */,
				375C7DE256A5ED305D600105 /* EmbeddingServiceIntegrationTests.swift in Sources */,
				8324CC963C2F462ACFEA20A2 /* LLMServiceIntegrationTests.swift in Sources */,
				71B33E7771BC05040B811A74 /* MemoryMonitorTests.swift in Sources */,
				A64FC7F4991D0C1A3FF82E35 /* ModelManagerLoadTests.swift in Sources */,
				6BC965B9D844CFB45003CA27 /* ModelManagerTests.swift in Sources */,
				F61EEF8291066AA7D0CEB7F3 /* RAGEngineTests.swift in Sources */,
				3E68E4350484EE4FD225D5AE /* VectorStoreTests.swift in Sources */,
			);
			runOnlyForDeploymentPostprocessing = 0;
		};
		DC38B52B1B7AB3A68681C4FC /* Sources */ = {
			isa = PBXSourcesBuildPhase;
			buildActionMask = 2147483647;
			files = (
				23727B9D203109A826DA3B94 /* ChatMessage.swift in Sources */,
				8DCB1EFD3E789464843509F5 /* ChatView.swift in Sources */,
				83C8F2E7B7A2FF70DD000B54 /* ChatViewModel.swift in Sources */,
				4FEDD1C85DCA41156F94B343 /* ChunkingStrategy.swift in Sources */,
				2809B82E26E4F8B3AF42D408 /* ContentView.swift in Sources */,
				062E29E76A97D3D5CA2BEF38 /* CosineSimilarity.swift in Sources */,
				39FEC9EAB02151A5A0F76E34 /* Document.swift in Sources */,
				C03CD13636BDF68834846A0E /* DocumentDetailView.swift in Sources */,
				F03BA4AC0DAA172142A60627 /* DocumentListView.swift in Sources */,
				AC51B3D0EAB15F27BE796AF9 /* DocumentProcessor.swift in Sources */,
				D52B4FC9197769DC5467183B /* DocumentViewModel.swift in Sources */,
				ACA2FB48D1523A4E43C6F52B /* DownloadProgressView.swift in Sources */,
				8867A36E35C53C8A5640EAB2 /* EmbeddingService.swift in Sources */,
				5DCEB120ABA99A11ECB5EC42 /* Gemma4Text.swift in Sources */,
				CF603572C2252F9E6D50F1CA /* Gemma4Vision.swift in Sources */,
				664D62B9FE8D0DF4670EFB63 /* Gemma4VLM.swift in Sources */,
				7FAE910BD41B46658811AE72 /* HermitApp.swift in Sources */,
				8A6223BA4964098166B82603 /* LLMService.swift in Sources */,
				3B068FCD4B87CB878DFF3573 /* MemoryMonitor.swift in Sources */,
				35257490CC41F24EA550A5E7 /* MessageBubble.swift in Sources */,
				1DF358174798B6631B0FC48B /* ModelInfo.swift in Sources */,
				3BFC1D5D59D21536AF21BEA6 /* ModelManager.swift in Sources */,
				48355385830B690C0F0BB1B9 /* OnboardingView.swift in Sources */,
				FC480DF935C2AAC9E936D299 /* OnboardingViewModel.swift in Sources */,
				9CC7B17CF15C4AFE26F491B8 /* PrivacyBadge.swift in Sources */,
				F129A32122EB4886870AFBCB /* RAGEngine.swift in Sources */,
				1BA84B4535AD142307021557 /* SettingsView.swift in Sources */,
				F5BFAEDA46D2E5643D8A9975 /* StreamingIndicator.swift in Sources */,
				5E046F72FB9B80F921FF957D /* TextChunk.swift in Sources */,
				1795201B501B829D0BE9E30C /* VectorStore.swift in Sources */,
			);
			runOnlyForDeploymentPostprocessing = 0;
		};
/* End PBXSourcesBuildPhase section */

/* Begin PBXTargetDependency section */
		4996D6A1D139B25C49463502 /* PBXTargetDependency */ = {
			isa = PBXTargetDependency;
			target = 04794B6463FB4AB3D5D4ED57 /* Hermit */;
			targetProxy = 444CB04A7A5505B8753829D8 /* PBXContainerItemProxy */;
		};
/* End PBXTargetDependency section */

/* Begin XCBuildConfiguration section */
		2927602765DA147BB338D2A8 /* Debug */ = {
			isa = XCBuildConfiguration;
			buildSettings = {
				BUNDLE_LOADER = "$(TEST_HOST)";
				GENERATE_INFOPLIST_FILE = YES;
				LD_RUNPATH_SEARCH_PATHS = (
					"$(inherited)",
					"@executable_path/Frameworks",
					"@loader_path/Frameworks",
				);
				PRODUCT_BUNDLE_IDENTIFIER = com.hermit.HermitTests;
				SDKROOT = iphoneos;
				TARGETED_DEVICE_FAMILY = "1,2";
				TEST_HOST = "$(BUILT_PRODUCTS_DIR)/Hermit.app/Hermit";
			};
			name = Debug;
		};
		5A52BF8C23C76DC91D87E63B /* Release */ = {
			isa = XCBuildConfiguration;
			buildSettings = {
				BUNDLE_LOADER = "$(TEST_HOST)";
				GENERATE_INFOPLIST_FILE = YES;
				LD_RUNPATH_SEARCH_PATHS = (
					"$(inherited)",
					"@executable_path/Frameworks",
					"@loader_path/Frameworks",
				);
				PRODUCT_BUNDLE_IDENTIFIER = com.hermit.HermitTests;
				SDKROOT = iphoneos;
				TARGETED_DEVICE_FAMILY = "1,2";
				TEST_HOST = "$(BUILT_PRODUCTS_DIR)/Hermit.app/Hermit";
			};
			name = Release;
		};
		5EC21B74B82F1A5985F2B3CD /* Release */ = {
			isa = XCBuildConfiguration;
			buildSettings = {
				ALWAYS_SEARCH_USER_PATHS = NO;
				CLANG_ANALYZER_NONNULL = YES;
				CLANG_ANALYZER_NUMBER_OBJECT_CONVERSION = YES_AGGRESSIVE;
				CLANG_CXX_LANGUAGE_STANDARD = "gnu++14";
				CLANG_CXX_LIBRARY = "libc++";
				CLANG_ENABLE_MODULES = YES;
				CLANG_ENABLE_OBJC_ARC = YES;
				CLANG_ENABLE_OBJC_WEAK = YES;
				CLANG_WARN_BLOCK_CAPTURE_AUTORELEASING = YES;
				CLANG_WARN_BOOL_CONVERSION = YES;
				CLANG_WARN_COMMA = YES;
				CLANG_WARN_CONSTANT_CONVERSION = YES;
				CLANG_WARN_DEPRECATED_OBJC_IMPLEMENTATIONS = YES;
				CLANG_WARN_DIRECT_OBJC_ISA_USAGE = YES_ERROR;
				CLANG_WARN_DOCUMENTATION_COMMENTS = YES;
				CLANG_WARN_EMPTY_BODY = YES;
				CLANG_WARN_ENUM_CONVERSION = YES;
				CLANG_WARN_INFINITE_RECURSION = YES;
				CLANG_WARN_INT_CONVERSION = YES;
				CLANG_WARN_NON_LITERAL_NULL_CONVERSION = YES;
				CLANG_WARN_OBJC_IMPLICIT_RETAIN_SELF = YES;
				CLANG_WARN_OBJC_LITERAL_CONVERSION = YES;
				CLANG_WARN_OBJC_ROOT_CLASS = YES_ERROR;
				CLANG_WARN_QUOTED_INCLUDE_IN_FRAMEWORK_HEADER = YES;
				CLANG_WARN_RANGE_LOOP_ANALYSIS = YES;
				CLANG_WARN_STRICT_PROTOTYPES = YES;
				CLANG_WARN_SUSPICIOUS_MOVE = YES;
				CLANG_WARN_UNGUARDED_AVAILABILITY = YES_AGGRESSIVE;
				CLANG_WARN_UNREACHABLE_CODE = YES;
				CLANG_WARN__DUPLICATE_METHOD_MATCH = YES;
				COPY_PHASE_STRIP = NO;
				DEBUG_INFORMATION_FORMAT = "dwarf-with-dsym";
				ENABLE_NS_ASSERTIONS = NO;
				ENABLE_STRICT_OBJC_MSGSEND = YES;
				GCC_C_LANGUAGE_STANDARD = gnu11;
				GCC_NO_COMMON_BLOCKS = YES;
				GCC_WARN_64_TO_32_BIT_CONVERSION = YES;
				GCC_WARN_ABOUT_RETURN_TYPE = YES_ERROR;
				GCC_WARN_UNDECLARED_SELECTOR = YES;
				GCC_WARN_UNINITIALIZED_AUTOS = YES_AGGRESSIVE;
				GCC_WARN_UNUSED_FUNCTION = YES;
				GCC_WARN_UNUSED_VARIABLE = YES;
				IPHONEOS_DEPLOYMENT_TARGET = 18.0;
				MTL_ENABLE_DEBUG_INFO = NO;
				MTL_FAST_MATH = YES;
				PRODUCT_NAME = "$(TARGET_NAME)";
				SDKROOT = iphoneos;
				SWIFT_COMPILATION_MODE = wholemodule;
				SWIFT_OPTIMIZATION_LEVEL = "-O";
				SWIFT_VERSION = 6.0;
			};
			name = Release;
		};
		652F5D8E73D89CD66D633E05 /* Release */ = {
			isa = XCBuildConfiguration;
			buildSettings = {
				ASSETCATALOG_COMPILER_APPICON_NAME = AppIcon;
				CODE_SIGN_ENTITLEMENTS = Hermit/Hermit.entitlements;
				CODE_SIGN_IDENTITY = "iPhone Developer";
				CURRENT_PROJECT_VERSION = 1;
				DEVELOPMENT_TEAM = "";
				GENERATE_INFOPLIST_FILE = YES;
				INFOPLIST_KEY_NSCameraUsageDescription = "Hermit uses the camera to take photos for AI visual analysis";
				INFOPLIST_KEY_NSPhotoLibraryUsageDescription = "Hermit uses your photos to provide visual context for AI conversations";
				INFOPLIST_KEY_UILaunchScreen_Generation = YES;
				INFOPLIST_KEY_UISupportedInterfaceOrientations = UIInterfaceOrientationPortrait;
				INFOPLIST_KEY_UISupportedInterfaceOrientations_iPad = "UIInterfaceOrientationPortrait UIInterfaceOrientationPortraitUpsideDown UIInterfaceOrientationLandscapeLeft UIInterfaceOrientationLandscapeRight";
				LD_RUNPATH_SEARCH_PATHS = (
					"$(inherited)",
					"@executable_path/Frameworks",
				);
				MARKETING_VERSION = 1.0;
				PRODUCT_BUNDLE_IDENTIFIER = com.jchulvi.hermit;
				SDKROOT = iphoneos;
				SWIFT_STRICT_CONCURRENCY = complete;
				TARGETED_DEVICE_FAMILY = "1,2";
			};
			name = Release;
		};
		AD333A996436D0A61FFE4178 /* Debug */ = {
			isa = XCBuildConfiguration;
			buildSettings = {
				ALWAYS_SEARCH_USER_PATHS = NO;
				CLANG_ANALYZER_NONNULL = YES;
				CLANG_ANALYZER_NUMBER_OBJECT_CONVERSION = YES_AGGRESSIVE;
				CLANG_CXX_LANGUAGE_STANDARD = "gnu++14";
				CLANG_CXX_LIBRARY = "libc++";
				CLANG_ENABLE_MODULES = YES;
				CLANG_ENABLE_OBJC_ARC = YES;
				CLANG_ENABLE_OBJC_WEAK = YES;
				CLANG_WARN_BLOCK_CAPTURE_AUTORELEASING = YES;
				CLANG_WARN_BOOL_CONVERSION = YES;
				CLANG_WARN_COMMA = YES;
				CLANG_WARN_CONSTANT_CONVERSION = YES;
				CLANG_WARN_DEPRECATED_OBJC_IMPLEMENTATIONS = YES;
				CLANG_WARN_DIRECT_OBJC_ISA_USAGE = YES_ERROR;
				CLANG_WARN_DOCUMENTATION_COMMENTS = YES;
				CLANG_WARN_EMPTY_BODY = YES;
				CLANG_WARN_ENUM_CONVERSION = YES;
				CLANG_WARN_INFINITE_RECURSION = YES;
				CLANG_WARN_INT_CONVERSION = YES;
				CLANG_WARN_NON_LITERAL_NULL_CONVERSION = YES;
				CLANG_WARN_OBJC_IMPLICIT_RETAIN_SELF = YES;
				CLANG_WARN_OBJC_LITERAL_CONVERSION = YES;
				CLANG_WARN_OBJC_ROOT_CLASS = YES_ERROR;
				CLANG_WARN_QUOTED_INCLUDE_IN_FRAMEWORK_HEADER = YES;
				CLANG_WARN_RANGE_LOOP_ANALYSIS = YES;
				CLANG_WARN_STRICT_PROTOTYPES = YES;
				CLANG_WARN_SUSPICIOUS_MOVE = YES;
				CLANG_WARN_UNGUARDED_AVAILABILITY = YES_AGGRESSIVE;
				CLANG_WARN_UNREACHABLE_CODE = YES;
				CLANG_WARN__DUPLICATE_METHOD_MATCH = YES;
				COPY_PHASE_STRIP = NO;
				DEBUG_INFORMATION_FORMAT = dwarf;
				ENABLE_STRICT_OBJC_MSGSEND = YES;
				ENABLE_TESTABILITY = YES;
				GCC_C_LANGUAGE_STANDARD = gnu11;
				GCC_DYNAMIC_NO_PIC = NO;
				GCC_NO_COMMON_BLOCKS = YES;
				GCC_OPTIMIZATION_LEVEL = 0;
				GCC_PREPROCESSOR_DEFINITIONS = (
					"$(inherited)",
					"DEBUG=1",
				);
				GCC_WARN_64_TO_32_BIT_CONVERSION = YES;
				GCC_WARN_ABOUT_RETURN_TYPE = YES_ERROR;
				GCC_WARN_UNDECLARED_SELECTOR = YES;
				GCC_WARN_UNINITIALIZED_AUTOS = YES_AGGRESSIVE;
				GCC_WARN_UNUSED_FUNCTION = YES;
				GCC_WARN_UNUSED_VARIABLE = YES;
				IPHONEOS_DEPLOYMENT_TARGET = 18.0;
				MTL_ENABLE_DEBUG_INFO = INCLUDE_SOURCE;
				MTL_FAST_MATH = YES;
				ONLY_ACTIVE_ARCH = YES;
				PRODUCT_NAME = "$(TARGET_NAME)";
				SDKROOT = iphoneos;
				SWIFT_ACTIVE_COMPILATION_CONDITIONS = DEBUG;
				SWIFT_OPTIMIZATION_LEVEL = "-Onone";
				SWIFT_VERSION = 6.0;
			};
			name = Debug;
		};
		D7E8CEE67974893740F0F3BC /* Debug */ = {
			isa = XCBuildConfiguration;
			buildSettings = {
				ASSETCATALOG_COMPILER_APPICON_NAME = AppIcon;
				CODE_SIGN_ENTITLEMENTS = Hermit/Hermit.entitlements;
				CODE_SIGN_IDENTITY = "iPhone Developer";
				CURRENT_PROJECT_VERSION = 1;
				DEVELOPMENT_TEAM = "";
				GENERATE_INFOPLIST_FILE = YES;
				INFOPLIST_KEY_NSCameraUsageDescription = "Hermit uses the camera to take photos for AI visual analysis";
				INFOPLIST_KEY_NSPhotoLibraryUsageDescription = "Hermit uses your photos to provide visual context for AI conversations";
				INFOPLIST_KEY_UILaunchScreen_Generation = YES;
				INFOPLIST_KEY_UISupportedInterfaceOrientations = UIInterfaceOrientationPortrait;
				INFOPLIST_KEY_UISupportedInterfaceOrientations_iPad = "UIInterfaceOrientationPortrait UIInterfaceOrientationPortraitUpsideDown UIInterfaceOrientationLandscapeLeft UIInterfaceOrientationLandscapeRight";
				LD_RUNPATH_SEARCH_PATHS = (
					"$(inherited)",
					"@executable_path/Frameworks",
				);
				MARKETING_VERSION = 1.0;
				PRODUCT_BUNDLE_IDENTIFIER = com.jchulvi.hermit;
				SDKROOT = iphoneos;
				SWIFT_STRICT_CONCURRENCY = complete;
				TARGETED_DEVICE_FAMILY = "1,2";
			};
			name = Debug;
		};
/* End XCBuildConfiguration section */

/* Begin XCConfigurationList section */
		01952ADC3E713A3CE50EFCE8 /* Build configuration list for PBXNativeTarget "Hermit" */ = {
			isa = XCConfigurationList;
			buildConfigurations = (
				D7E8CEE67974893740F0F3BC /* Debug */,
				652F5D8E73D89CD66D633E05 /* Release */,
			);
			defaultConfigurationIsVisible = 0;
			defaultConfigurationName = Debug;
		};
		7174661D73FDE5393FDD9054 /* Build configuration list for PBXNativeTarget "HermitTests" */ = {
			isa = XCConfigurationList;
			buildConfigurations = (
				2927602765DA147BB338D2A8 /* Debug */,
				5A52BF8C23C76DC91D87E63B /* Release */,
			);
			defaultConfigurationIsVisible = 0;
			defaultConfigurationName = Debug;
		};
		7AC6A0295E4A3B2E9B323818 /* Build configuration list for PBXProject "Hermit" */ = {
			isa = XCConfigurationList;
			buildConfigurations = (
				AD333A996436D0A61FFE4178 /* Debug */,
				5EC21B74B82F1A5985F2B3CD /* Release */,
			);
			defaultConfigurationIsVisible = 0;
			defaultConfigurationName = Debug;
		};
/* End XCConfigurationList section */

/* Begin XCRemoteSwiftPackageReference section */
		06A4A0E38D45F35ED613BEFF /* XCRemoteSwiftPackageReference "swift-tokenizers-mlx" */ = {
			isa = XCRemoteSwiftPackageReference;
			repositoryURL = "https://github.com/DePasqualeOrg/swift-tokenizers-mlx";
			requirement = {
				branch = main;
				kind = branch;
			};
		};
		13B1DB36B025B21BFC63FEAB /* XCRemoteSwiftPackageReference "mlx-swift" */ = {
			isa = XCRemoteSwiftPackageReference;
			repositoryURL = "https://github.com/ml-explore/mlx-swift";
			requirement = {
				kind = upToNextMajorVersion;
				minimumVersion = 0.10.0;
			};
		};
		7D9D3E30E01317B445A36534 /* XCRemoteSwiftPackageReference "swift-hf-api-mlx" */ = {
			isa = XCRemoteSwiftPackageReference;
			repositoryURL = "https://github.com/DePasqualeOrg/swift-hf-api-mlx";
			requirement = {
				branch = main;
				kind = branch;
			};
		};
		9F068CFC8E11424B54585C2A /* XCRemoteSwiftPackageReference "mlx-swift-lm" */ = {
			isa = XCRemoteSwiftPackageReference;
			repositoryURL = "https://github.com/DePasqualeOrg/mlx-swift-lm.git";
			requirement = {
				branch = "swift-tokenizers";
				kind = branch;
			};
		};
/* End XCRemoteSwiftPackageReference section */

/* Begin XCSwiftPackageProductDependency section */
		17DE4547CDA6641702324946 /* MLXLMTokenizers */ = {
			isa = XCSwiftPackageProductDependency;
			package = 06A4A0E38D45F35ED613BEFF /* XCRemoteSwiftPackageReference "swift-tokenizers-mlx" */;
			productName = MLXLMTokenizers;
		};
		446DE29BF9365E2BCFA21CF5 /* MLXNN */ = {
			isa = XCSwiftPackageProductDependency;
			package = 13B1DB36B025B21BFC63FEAB /* XCRemoteSwiftPackageReference "mlx-swift" */;
			productName = MLXNN;
		};
		53118A446E6A226F79469D5B /* MLXLLM */ = {
			isa = XCSwiftPackageProductDependency;
			package = 9F068CFC8E11424B54585C2A /* XCRemoteSwiftPackageReference "mlx-swift-lm" */;
			productName = MLXLLM;
		};
		687D05517582B55AFA650074 /* MLXEmbedders */ = {
			isa = XCSwiftPackageProductDependency;
			package = 9F068CFC8E11424B54585C2A /* XCRemoteSwiftPackageReference "mlx-swift-lm" */;
			productName = MLXEmbedders;
		};
		71EB3107E61C302B96996A71 /* MLXLMCommon */ = {
			isa = XCSwiftPackageProductDependency;
			package = 9F068CFC8E11424B54585C2A /* XCRemoteSwiftPackageReference "mlx-swift-lm" */;
			productName = MLXLMCommon;
		};
		80D0FB5150457BEAC5CE580C /* MLXLMHFAPI */ = {
			isa = XCSwiftPackageProductDependency;
			package = 7D9D3E30E01317B445A36534 /* XCRemoteSwiftPackageReference "swift-hf-api-mlx" */;
			productName = MLXLMHFAPI;
		};
		C6B7AE9D7E8B7C7EE587FE43 /* MLX */ = {
			isa = XCSwiftPackageProductDependency;
			package = 13B1DB36B025B21BFC63FEAB /* XCRemoteSwiftPackageReference "mlx-swift" */;
			productName = MLX;
		};
		E5CCB770138DB30705413B1C /* MLXEmbeddersHFAPI */ = {
			isa = XCSwiftPackageProductDependency;
			package = 7D9D3E30E01317B445A36534 /* XCRemoteSwiftPackageReference "swift-hf-api-mlx" */;
			productName = MLXEmbeddersHFAPI;
		};
/* End XCSwiftPackageProductDependency section */
	};
	rootObject = 33CC8C8311042E49570FB75D /* Project object */;
}
