// !$*UTF8*$!
{
	archiveVersion = 1;
	classes = {
	};
	objectVersion = 77;
	objects = {

/* Begin PBXBuildFile section */
		0ED8F0E587E55F12CA5A03E6 /* MLXEmbeddersHFAPI in Frameworks */ = {isa = PBXBuildFile; productRef = E5CCB770138DB30705413B1C /* MLXEmbeddersHFAPI */; };
		1CE37C932A07E729B741955F /* MLXLMTokenizers in Frameworks */ = {isa = PBXBuildFile; productRef = 17DE4547CDA6641702324946 /* MLXLMTokenizers */; };
		2809B82E26E4F8B3AF42D408 /* ContentView.swift in Sources */ = {isa = PBXBuildFile; fileRef = 2C3C8B370DFA4C0C5E49BC79 /* ContentView.swift */; };
		3CF094BF661B0328D0867B83 /* MLXLLM in Frameworks */ = {isa = PBXBuildFile; productRef = 53118A446E6A226F79469D5B /* MLXLLM */; };
		5F538BC45A11D3571425D528 /* Assets.xcassets in Resources */ = {isa = PBXBuildFile; fileRef = AE86124BC8833C2AC2555333 /* Assets.xcassets */; };
		7FAE910BD41B46658811AE72 /* HermitApp.swift in Sources */ = {isa = PBXBuildFile; fileRef = EF539B1D728ADBC791738BD7 /* HermitApp.swift */; };
		A9578A64F0E40ADD1CEBE7BB /* MLX in Frameworks */ = {isa = PBXBuildFile; productRef = C6B7AE9D7E8B7C7EE587FE43 /* MLX */; };
		D1F66464188C4FB19382D2B3 /* MLXLMCommon in Frameworks */ = {isa = PBXBuildFile; productRef = 71EB3107E61C302B96996A71 /* MLXLMCommon */; };
		D62F99212E2FA02DA8AE75BA /* MLXLMHFAPI in Frameworks */ = {isa = PBXBuildFile; productRef = 80D0FB5150457BEAC5CE580C /* MLXLMHFAPI */; };
		D8E3304BC5A96F78362DF0BA /* MLXEmbedders in Frameworks */ = {isa = PBXBuildFile; productRef = 687D05517582B55AFA650074 /* MLXEmbedders */; };
		F6A7B8C9D0E1F2A3B4C5D6E7 /* ChatMessage.swift in Sources */ = {isa = PBXBuildFile; fileRef = A1B2C3D4E5F6A7B8C9D0E1F2 /* ChatMessage.swift */; };
		A7B8C9D0E1F2A3B4C5D6E7F8 /* Document.swift in Sources */ = {isa = PBXBuildFile; fileRef = B2C3D4E5F6A7B8C9D0E1F2A3 /* Document.swift */; };
		B8C9D0E1F2A3B4C5D6E7F8A9 /* TextChunk.swift in Sources */ = {isa = PBXBuildFile; fileRef = C3D4E5F6A7B8C9D0E1F2A3B4 /* TextChunk.swift */; };
		C9D0E1F2A3B4C5D6E7F8A9B0 /* ModelInfo.swift in Sources */ = {isa = PBXBuildFile; fileRef = D4E5F6A7B8C9D0E1F2A3B4C5 /* ModelInfo.swift */; };
		D0E1F2A3B4C5D6E7F8A9B0C1 /* DataModelTests.swift in Sources */ = {isa = PBXBuildFile; fileRef = E5F6A7B8C9D0E1F2A3B4C5D6 /* DataModelTests.swift */; };
		AA11BB22CC33DD44EE55FF66 /* ChatView.swift in Sources */ = {isa = PBXBuildFile; fileRef = AA11BB22CC33DD44EE55FF67 /* ChatView.swift */; };
		BB22CC33DD44EE55FF66AA11 /* DocumentListView.swift in Sources */ = {isa = PBXBuildFile; fileRef = BB22CC33DD44EE55FF66AA12 /* DocumentListView.swift */; };
		F1A2B3C4D5E6F7A8B9C0D1E2 /* DocumentDetailView.swift in Sources */ = {isa = PBXBuildFile; fileRef = F1A2B3C4D5E6F7A8B9C0D1E3 /* DocumentDetailView.swift */; };
		CC33DD44EE55FF66AA11BB22 /* SettingsView.swift in Sources */ = {isa = PBXBuildFile; fileRef = CC33DD44EE55FF66AA11BB23 /* SettingsView.swift */; };
		DD44EE55FF66AA11BB22CC34 /* MessageBubble.swift in Sources */ = {isa = PBXBuildFile; fileRef = DD44EE55FF66AA11BB22CC33 /* MessageBubble.swift */; };
		EE55FF66AA11BB22CC33DD45 /* StreamingIndicator.swift in Sources */ = {isa = PBXBuildFile; fileRef = EE55FF66AA11BB22CC33DD44 /* StreamingIndicator.swift */; };
		3C4D5E6F7A8B9C0D1E2F3A4B /* OnboardingView.swift in Sources */ = {isa = PBXBuildFile; fileRef = 1A2B3C4D5E6F7A8B9C0D1E2F /* OnboardingView.swift */; };
		4D5E6F7A8B9C0D1E2F3A4B5C /* DownloadProgressView.swift in Sources */ = {isa = PBXBuildFile; fileRef = 2B3C4D5E6F7A8B9C0D1E2F3A /* DownloadProgressView.swift */; };
		6B7C8D9E0F1A2B3C4D5E6F7A /* PrivacyBadge.swift in Sources */ = {isa = PBXBuildFile; fileRef = 5A6B7C8D9E0F1A2B3C4D5E6F /* PrivacyBadge.swift */; };
/* End PBXBuildFile section */


/* Begin PBXContainerItemProxy section */
		E7F8A9B0C1D2E3F4A5B6C7D8 /* PBXContainerItemProxy */ = {
			isa = PBXContainerItemProxy;
			containerPortal = 33CC8C8311042E49570FB75D /* Project object */;
			proxyType = 1;
			remoteGlobalIDString = 04794B6463FB4AB3D5D4ED57;
			remoteInfo = Hermit;
		};
/* End PBXContainerItemProxy section */

/* Begin PBXFileReference section */
		05E18749795DF5EEDA49C0E4 /* Hermit.entitlements */ = {isa = PBXFileReference; lastKnownFileType = text.plist.entitlements; path = Hermit.entitlements; sourceTree = "<group>"; };
		2C3C8B370DFA4C0C5E49BC79 /* ContentView.swift */ = {isa = PBXFileReference; lastKnownFileType = sourcecode.swift; path = ContentView.swift; sourceTree = "<group>"; };
		6A047974E25485A438CA176F /* Hermit.app */ = {isa = PBXFileReference; includeInIndex = 0; lastKnownFileType = wrapper.application; path = Hermit.app; sourceTree = BUILT_PRODUCTS_DIR; };
		AE86124BC8833C2AC2555333 /* Assets.xcassets */ = {isa = PBXFileReference; lastKnownFileType = folder.assetcatalog; path = Assets.xcassets; sourceTree = "<group>"; };
		EF539B1D728ADBC791738BD7 /* HermitApp.swift */ = {isa = PBXFileReference; lastKnownFileType = sourcecode.swift; path = HermitApp.swift; sourceTree = "<group>"; };
		A1B2C3D4E5F6A7B8C9D0E1F2 /* ChatMessage.swift */ = {isa = PBXFileReference; lastKnownFileType = sourcecode.swift; path = ChatMessage.swift; sourceTree = "<group>"; };
		B2C3D4E5F6A7B8C9D0E1F2A3 /* Document.swift */ = {isa = PBXFileReference; lastKnownFileType = sourcecode.swift; path = Document.swift; sourceTree = "<group>"; };
		C3D4E5F6A7B8C9D0E1F2A3B4 /* TextChunk.swift */ = {isa = PBXFileReference; lastKnownFileType = sourcecode.swift; path = TextChunk.swift; sourceTree = "<group>"; };
		D4E5F6A7B8C9D0E1F2A3B4C5 /* ModelInfo.swift */ = {isa = PBXFileReference; lastKnownFileType = sourcecode.swift; path = ModelInfo.swift; sourceTree = "<group>"; };
		E5F6A7B8C9D0E1F2A3B4C5D6 /* DataModelTests.swift */ = {isa = PBXFileReference; lastKnownFileType = sourcecode.swift; path = DataModelTests.swift; sourceTree = "<group>"; };
		A3B4C5D6E7F8A9B0C1D2E3F4 /* HermitTests.xctest */ = {isa = PBXFileReference; includeInIndex = 0; lastKnownFileType = wrapper.cfbundle; path = HermitTests.xctest; sourceTree = BUILT_PRODUCTS_DIR; };
		AA11BB22CC33DD44EE55FF67 /* ChatView.swift */ = {isa = PBXFileReference; lastKnownFileType = sourcecode.swift; path = ChatView.swift; sourceTree = "<group>"; };
		BB22CC33DD44EE55FF66AA12 /* DocumentListView.swift */ = {isa = PBXFileReference; lastKnownFileType = sourcecode.swift; path = DocumentListView.swift; sourceTree = "<group>"; };
		F1A2B3C4D5E6F7A8B9C0D1E3 /* DocumentDetailView.swift */ = {isa = PBXFileReference; lastKnownFileType = sourcecode.swift; path = DocumentDetailView.swift; sourceTree = "<group>"; };
		CC33DD44EE55FF66AA11BB23 /* SettingsView.swift */ = {isa = PBXFileReference; lastKnownFileType = sourcecode.swift; path = SettingsView.swift; sourceTree = "<group>"; };
		DD44EE55FF66AA11BB22CC33 /* MessageBubble.swift */ = {isa = PBXFileReference; lastKnownFileType = sourcecode.swift; path = MessageBubble.swift; sourceTree = "<group>"; };
		EE55FF66AA11BB22CC33DD44 /* StreamingIndicator.swift */ = {isa = PBXFileReference; lastKnownFileType = sourcecode.swift; path = StreamingIndicator.swift; sourceTree = "<group>"; };
		1A2B3C4D5E6F7A8B9C0D1E2F /* OnboardingView.swift */ = {isa = PBXFileReference; lastKnownFileType = sourcecode.swift; path = OnboardingView.swift; sourceTree = "<group>"; };
		2B3C4D5E6F7A8B9C0D1E2F3A /* DownloadProgressView.swift */ = {isa = PBXFileReference; lastKnownFileType = sourcecode.swift; path = DownloadProgressView.swift; sourceTree = "<group>"; };
		5A6B7C8D9E0F1A2B3C4D5E6F /* PrivacyBadge.swift */ = {isa = PBXFileReference; lastKnownFileType = sourcecode.swift; path = PrivacyBadge.swift; sourceTree = "<group>"; };
/* End PBXFileReference section */

/* Begin PBXFrameworksBuildPhase section */
		A31CAA0CD2F654DBF71DC9D4 /* Frameworks */ = {
			isa = PBXFrameworksBuildPhase;
			buildActionMask = 2147483647;
			files = (
				A9578A64F0E40ADD1CEBE7BB /* MLX in Frameworks */,
				3CF094BF661B0328D0867B83 /* MLXLLM in Frameworks */,
				D8E3304BC5A96F78362DF0BA /* MLXEmbedders in Frameworks */,
				D1F66464188C4FB19382D2B3 /* MLXLMCommon in Frameworks */,
				1CE37C932A07E729B741955F /* MLXLMTokenizers in Frameworks */,
				D62F99212E2FA02DA8AE75BA /* MLXLMHFAPI in Frameworks */,
				0ED8F0E587E55F12CA5A03E6 /* MLXEmbeddersHFAPI in Frameworks */,
			);
			runOnlyForDeploymentPostprocessing = 0;
		};
/* End PBXFrameworksBuildPhase section */

/* Begin PBXGroup section */
		09A52693FC300E25957EA687 /* Onboarding */ = {
			isa = PBXGroup;
			children = (
				2B3C4D5E6F7A8B9C0D1E2F3A /* DownloadProgressView.swift */,
				1A2B3C4D5E6F7A8B9C0D1E2F /* OnboardingView.swift */,
			);
			path = Onboarding;
			sourceTree = "<group>";
		};
		1180C73B7C9E5EC8E295A94D /* Models */ = {
			isa = PBXGroup;
			children = (
				A1B2C3D4E5F6A7B8C9D0E1F2 /* ChatMessage.swift */,
				B2C3D4E5F6A7B8C9D0E1F2A3 /* Document.swift */,
				D4E5F6A7B8C9D0E1F2A3B4C5 /* ModelInfo.swift */,
				C3D4E5F6A7B8C9D0E1F2A3B4 /* TextChunk.swift */,
			);
			path = Models;
			sourceTree = "<group>";
		};
		16041560DFD65685175A3AD8 /* Chat */ = {
			isa = PBXGroup;
			children = (
				AA11BB22CC33DD44EE55FF67 /* ChatView.swift */,
				DD44EE55FF66AA11BB22CC33 /* MessageBubble.swift */,
				EE55FF66AA11BB22CC33DD44 /* StreamingIndicator.swift */,
			);
			path = Chat;
			sourceTree = "<group>";
		};
		167E22E0063E979DBB588D98 /* Hermit */ = {
			isa = PBXGroup;
			children = (
				AE86124BC8833C2AC2555333 /* Assets.xcassets */,
				2C3C8B370DFA4C0C5E49BC79 /* ContentView.swift */,
				05E18749795DF5EEDA49C0E4 /* Hermit.entitlements */,
				EF539B1D728ADBC791738BD7 /* HermitApp.swift */,
				1180C73B7C9E5EC8E295A94D /* Models */,
				76C5001A30745C521F608216 /* Services */,
				7540F1F95581E2ACA63974D5 /* Utilities */,
				BB87371CD8472B3C92426A45 /* ViewModels */,
				F2D836D2EDD88E72B39ABB0C /* Views */,
			);
			path = Hermit;
			sourceTree = "<group>";
		};
		1EC2F91CE53733379322C750 /* Settings */ = {
			isa = PBXGroup;
			children = (
				CC33DD44EE55FF66AA11BB23 /* SettingsView.swift */,
			);
			path = Settings;
			sourceTree = "<group>";
		};
		3FBE92D99D81DBFC5D4A260E /* Products */ = {
			isa = PBXGroup;
			children = (
				6A047974E25485A438CA176F /* Hermit.app */,
				A3B4C5D6E7F8A9B0C1D2E3F4 /* HermitTests.xctest */,
			);
			name = Products;
			sourceTree = "<group>";
		};
		7540F1F95581E2ACA63974D5 /* Utilities */ = {
			isa = PBXGroup;
			children = (
			);
			path = Utilities;
			sourceTree = "<group>";
		};
		76C5001A30745C521F608216 /* Services */ = {
			isa = PBXGroup;
			children = (
			);
			path = Services;
			sourceTree = "<group>";
		};
		BB87371CD8472B3C92426A45 /* ViewModels */ = {
			isa = PBXGroup;
			children = (
			);
			path = ViewModels;
			sourceTree = "<group>";
		};
		D93D66FE9FCBD1780638EFFC /* Documents */ = {
			isa = PBXGroup;
			children = (
				F1A2B3C4D5E6F7A8B9C0D1E3 /* DocumentDetailView.swift */,
				BB22CC33DD44EE55FF66AA12 /* DocumentListView.swift */,
			);
			path = Documents;
			sourceTree = "<group>";
		};
		ED7EA2DBB88088883B89BBBC = {
			isa = PBXGroup;
			children = (
				167E22E0063E979DBB588D98 /* Hermit */,
				A9B0C1D2E3F4A5B6C7D8E9FA /* HermitTests */,
				3FBE92D99D81DBFC5D4A260E /* Products */,
			);
			sourceTree = "<group>";
		};
		F2D836D2EDD88E72B39ABB0C /* Views */ = {
			isa = PBXGroup;
			children = (
				16041560DFD65685175A3AD8 /* Chat */,
				D93D66FE9FCBD1780638EFFC /* Documents */,
				09A52693FC300E25957EA687 /* Onboarding */,
				5A6B7C8D9E0F1A2B3C4D5E6F /* PrivacyBadge.swift */,
				1EC2F91CE53733379322C750 /* Settings */,
			);
			path = Views;
			sourceTree = "<group>";
		};
		B0C1D2E3F4A5B6C7D8E9FAB1 /* Models */ = {
			isa = PBXGroup;
			children = (
				E5F6A7B8C9D0E1F2A3B4C5D6 /* DataModelTests.swift */,
			);
			path = Models;
			sourceTree = "<group>";
		};
		A9B0C1D2E3F4A5B6C7D8E9FA /* HermitTests */ = {
			isa = PBXGroup;
			children = (
				B0C1D2E3F4A5B6C7D8E9FAB1 /* Models */,
			);
			path = HermitTests;
			sourceTree = "<group>";
		};
/* End PBXGroup section */

/* Begin PBXNativeTarget section */
		04794B6463FB4AB3D5D4ED57 /* Hermit */ = {
			isa = PBXNativeTarget;
			buildConfigurationList = 01952ADC3E713A3CE50EFCE8 /* Build configuration list for PBXNativeTarget "Hermit" */;
			buildPhases = (
				DC38B52B1B7AB3A68681C4FC /* Sources */,
				6E16192AD0A1C224931C0B6E /* Resources */,
				A31CAA0CD2F654DBF71DC9D4 /* Frameworks */,
			);
			buildRules = (
			);
			dependencies = (
			);
			name = Hermit;
			packageProductDependencies = (
				C6B7AE9D7E8B7C7EE587FE43 /* MLX */,
				53118A446E6A226F79469D5B /* MLXLLM */,
				687D05517582B55AFA650074 /* MLXEmbedders */,
				71EB3107E61C302B96996A71 /* MLXLMCommon */,
				17DE4547CDA6641702324946 /* MLXLMTokenizers */,
				80D0FB5150457BEAC5CE580C /* MLXLMHFAPI */,
				E5CCB770138DB30705413B1C /* MLXEmbeddersHFAPI */,
			);
			productName = Hermit;
			productReference = 6A047974E25485A438CA176F /* Hermit.app */;
			productType = "com.apple.product-type.application";
		};
		E1F2A3B4C5D6E7F8A9B0C1D2 /* HermitTests */ = {
			isa = PBXNativeTarget;
			buildConfigurationList = D6E7F8A9B0C1D2E3F4A5B6C7 /* Build configuration list for PBXNativeTarget "HermitTests" */;
			buildPhases = (
				F2A3B4C5D6E7F8A9B0C1D2E3 /* Sources */,
			);
			buildRules = (
			);
			dependencies = (
				F8A9B0C1D2E3F4A5B6C7D8E9 /* PBXTargetDependency */,
			);
			name = HermitTests;
			productName = HermitTests;
			productReference = A3B4C5D6E7F8A9B0C1D2E3F4 /* HermitTests.xctest */;
			productType = "com.apple.product-type.bundle.unit-test";
		};
/* End PBXNativeTarget section */

/* Begin PBXProject section */
		33CC8C8311042E49570FB75D /* Project object */ = {
			isa = PBXProject;
			attributes = {
				BuildIndependentTargetsInParallel = YES;
				LastUpgradeCheck = 1600;
				TargetAttributes = {
				};
			};
			buildConfigurationList = 7AC6A0295E4A3B2E9B323818 /* Build configuration list for PBXProject "Hermit" */;
			developmentRegion = en;
			hasScannedForEncodings = 0;
			knownRegions = (
				Base,
				en,
			);
			mainGroup = ED7EA2DBB88088883B89BBBC;
			minimizedProjectReferenceProxies = 1;
			packageReferences = (
				13B1DB36B025B21BFC63FEAB /* XCRemoteSwiftPackageReference "mlx-swift" */,
				9F068CFC8E11424B54585C2A /* XCRemoteSwiftPackageReference "mlx-swift-lm" */,
				7D9D3E30E01317B445A36534 /* XCRemoteSwiftPackageReference "swift-hf-api-mlx" */,
				06A4A0E38D45F35ED613BEFF /* XCRemoteSwiftPackageReference "swift-tokenizers-mlx" */,
			);
			preferredProjectObjectVersion = 77;
			productRefGroup = 3FBE92D99D81DBFC5D4A260E /* Products */;
			projectDirPath = "";
			projectRoot = "";
			targets = (
				04794B6463FB4AB3D5D4ED57 /* Hermit */,
				E1F2A3B4C5D6E7F8A9B0C1D2 /* HermitTests */,
			);
		};
/* End PBXProject section */

/* Begin PBXResourcesBuildPhase section */
		6E16192AD0A1C224931C0B6E /* Resources */ = {
			isa = PBXResourcesBuildPhase;
			buildActionMask = 2147483647;
			files = (
				5F538BC45A11D3571425D528 /* Assets.xcassets in Resources */,
			);
			runOnlyForDeploymentPostprocessing = 0;
		};
/* End PBXResourcesBuildPhase section */

/* Begin PBXSourcesBuildPhase section */
		DC38B52B1B7AB3A68681C4FC /* Sources */ = {
			isa = PBXSourcesBuildPhase;
			buildActionMask = 2147483647;
			files = (
				2809B82E26E4F8B3AF42D408 /* ContentView.swift in Sources */,
				F6A7B8C9D0E1F2A3B4C5D6E7 /* ChatMessage.swift in Sources */,
				A7B8C9D0E1F2A3B4C5D6E7F8 /* Document.swift in Sources */,
				C9D0E1F2A3B4C5D6E7F8A9B0 /* ModelInfo.swift in Sources */,
				B8C9D0E1F2A3B4C5D6E7F8A9 /* TextChunk.swift in Sources */,
				7FAE910BD41B46658811AE72 /* HermitApp.swift in Sources */,
				AA11BB22CC33DD44EE55FF66 /* ChatView.swift in Sources */,
				BB22CC33DD44EE55FF66AA11 /* DocumentListView.swift in Sources */,
				F1A2B3C4D5E6F7A8B9C0D1E2 /* DocumentDetailView.swift in Sources */,
				CC33DD44EE55FF66AA11BB22 /* SettingsView.swift in Sources */,
				DD44EE55FF66AA11BB22CC34 /* MessageBubble.swift in Sources */,
				EE55FF66AA11BB22CC33DD45 /* StreamingIndicator.swift in Sources */,
				3C4D5E6F7A8B9C0D1E2F3A4B /* OnboardingView.swift in Sources */,
				4D5E6F7A8B9C0D1E2F3A4B5C /* DownloadProgressView.swift in Sources */,
				6B7C8D9E0F1A2B3C4D5E6F7A /* PrivacyBadge.swift in Sources */,
			);
			runOnlyForDeploymentPostprocessing = 0;
		};
		F2A3B4C5D6E7F8A9B0C1D2E3 /* Sources */ = {
			isa = PBXSourcesBuildPhase;
			buildActionMask = 2147483647;
			files = (
				D0E1F2A3B4C5D6E7F8A9B0C1 /* DataModelTests.swift in Sources */,
			);
			runOnlyForDeploymentPostprocessing = 0;
		};
/* End PBXSourcesBuildPhase section */


/* Begin PBXTargetDependency section */
		F8A9B0C1D2E3F4A5B6C7D8E9 /* PBXTargetDependency */ = {
			isa = PBXTargetDependency;
			target = 04794B6463FB4AB3D5D4ED57 /* Hermit */;
			targetProxy = E7F8A9B0C1D2E3F4A5B6C7D8 /* PBXContainerItemProxy */;
		};
/* End PBXTargetDependency section */

/* Begin XCBuildConfiguration section */
		5EC21B74B82F1A5985F2B3CD /* Release */ = {
			isa = XCBuildConfiguration;
			buildSettings = {
				ALWAYS_SEARCH_USER_PATHS = NO;
				CLANG_ANALYZER_NONNULL = YES;
				CLANG_ANALYZER_NUMBER_OBJECT_CONVERSION = YES_AGGRESSIVE;
				CLANG_CXX_LANGUAGE_STANDARD = "gnu++14";
				CLANG_CXX_LIBRARY = "libc++";
				CLANG_ENABLE_MODULES = YES;
				CLANG_ENABLE_OBJC_ARC = YES;
				CLANG_ENABLE_OBJC_WEAK = YES;
				CLANG_WARN_BLOCK_CAPTURE_AUTORELEASING = YES;
				CLANG_WARN_BOOL_CONVERSION = YES;
				CLANG_WARN_COMMA = YES;
				CLANG_WARN_CONSTANT_CONVERSION = YES;
				CLANG_WARN_DEPRECATED_OBJC_IMPLEMENTATIONS = YES;
				CLANG_WARN_DIRECT_OBJC_ISA_USAGE = YES_ERROR;
				CLANG_WARN_DOCUMENTATION_COMMENTS = YES;
				CLANG_WARN_EMPTY_BODY = YES;
				CLANG_WARN_ENUM_CONVERSION = YES;
				CLANG_WARN_INFINITE_RECURSION = YES;
				CLANG_WARN_INT_CONVERSION = YES;
				CLANG_WARN_NON_LITERAL_NULL_CONVERSION = YES;
				CLANG_WARN_OBJC_IMPLICIT_RETAIN_SELF = YES;
				CLANG_WARN_OBJC_LITERAL_CONVERSION = YES;
				CLANG_WARN_OBJC_ROOT_CLASS = YES_ERROR;
				CLANG_WARN_QUOTED_INCLUDE_IN_FRAMEWORK_HEADER = YES;
				CLANG_WARN_RANGE_LOOP_ANALYSIS = YES;
				CLANG_WARN_STRICT_PROTOTYPES = YES;
				CLANG_WARN_SUSPICIOUS_MOVE = YES;
				CLANG_WARN_UNGUARDED_AVAILABILITY = YES_AGGRESSIVE;
				CLANG_WARN_UNREACHABLE_CODE = YES;
				CLANG_WARN__DUPLICATE_METHOD_MATCH = YES;
				COPY_PHASE_STRIP = NO;
				DEBUG_INFORMATION_FORMAT = "dwarf-with-dsym";
				ENABLE_NS_ASSERTIONS = NO;
				ENABLE_STRICT_OBJC_MSGSEND = YES;
				GCC_C_LANGUAGE_STANDARD = gnu11;
				GCC_NO_COMMON_BLOCKS = YES;
				GCC_WARN_64_TO_32_BIT_CONVERSION = YES;
				GCC_WARN_ABOUT_RETURN_TYPE = YES_ERROR;
				GCC_WARN_UNDECLARED_SELECTOR = YES;
				GCC_WARN_UNINITIALIZED_AUTOS = YES_AGGRESSIVE;
				GCC_WARN_UNUSED_FUNCTION = YES;
				GCC_WARN_UNUSED_VARIABLE = YES;
				IPHONEOS_DEPLOYMENT_TARGET = 18.0;
				MTL_ENABLE_DEBUG_INFO = NO;
				MTL_FAST_MATH = YES;
				PRODUCT_NAME = "$(TARGET_NAME)";
				SDKROOT = iphoneos;
				SWIFT_COMPILATION_MODE = wholemodule;
				SWIFT_OPTIMIZATION_LEVEL = "-O";
				SWIFT_VERSION = 6.0;
			};
			name = Release;
		};
		652F5D8E73D89CD66D633E05 /* Release */ = {
			isa = XCBuildConfiguration;
			buildSettings = {
				ASSETCATALOG_COMPILER_APPICON_NAME = AppIcon;
				CODE_SIGN_ENTITLEMENTS = Hermit/Hermit.entitlements;
				CODE_SIGN_IDENTITY = "iPhone Developer";
				CURRENT_PROJECT_VERSION = 1;
				GENERATE_INFOPLIST_FILE = YES;
				LD_RUNPATH_SEARCH_PATHS = (
					"$(inherited)",
					"@executable_path/Frameworks",
				);
				MARKETING_VERSION = 1.0;
				PRODUCT_BUNDLE_IDENTIFIER = com.hermit.Hermit;
				SDKROOT = iphoneos;
				SWIFT_STRICT_CONCURRENCY = complete;
				TARGETED_DEVICE_FAMILY = "1,2";
			};
			name = Release;
		};
		AD333A996436D0A61FFE4178 /* Debug */ = {
			isa = XCBuildConfiguration;
			buildSettings = {
				ALWAYS_SEARCH_USER_PATHS = NO;
				CLANG_ANALYZER_NONNULL = YES;
				CLANG_ANALYZER_NUMBER_OBJECT_CONVERSION = YES_AGGRESSIVE;
				CLANG_CXX_LANGUAGE_STANDARD = "gnu++14";
				CLANG_CXX_LIBRARY = "libc++";
				CLANG_ENABLE_MODULES = YES;
				CLANG_ENABLE_OBJC_ARC = YES;
				CLANG_ENABLE_OBJC_WEAK = YES;
				CLANG_WARN_BLOCK_CAPTURE_AUTORELEASING = YES;
				CLANG_WARN_BOOL_CONVERSION = YES;
				CLANG_WARN_COMMA = YES;
				CLANG_WARN_CONSTANT_CONVERSION = YES;
				CLANG_WARN_DEPRECATED_OBJC_IMPLEMENTATIONS = YES;
				CLANG_WARN_DIRECT_OBJC_ISA_USAGE = YES_ERROR;
				CLANG_WARN_DOCUMENTATION_COMMENTS = YES;
				CLANG_WARN_EMPTY_BODY = YES;
				CLANG_WARN_ENUM_CONVERSION = YES;
				CLANG_WARN_INFINITE_RECURSION = YES;
				CLANG_WARN_INT_CONVERSION = YES;
				CLANG_WARN_NON_LITERAL_NULL_CONVERSION = YES;
				CLANG_WARN_OBJC_IMPLICIT_RETAIN_SELF = YES;
				CLANG_WARN_OBJC_LITERAL_CONVERSION = YES;
				CLANG_WARN_OBJC_ROOT_CLASS = YES_ERROR;
				CLANG_WARN_QUOTED_INCLUDE_IN_FRAMEWORK_HEADER = YES;
				CLANG_WARN_RANGE_LOOP_ANALYSIS = YES;
				CLANG_WARN_STRICT_PROTOTYPES = YES;
				CLANG_WARN_SUSPICIOUS_MOVE = YES;
				CLANG_WARN_UNGUARDED_AVAILABILITY = YES_AGGRESSIVE;
				CLANG_WARN_UNREACHABLE_CODE = YES;
				CLANG_WARN__DUPLICATE_METHOD_MATCH = YES;
				COPY_PHASE_STRIP = NO;
				DEBUG_INFORMATION_FORMAT = dwarf;
				ENABLE_STRICT_OBJC_MSGSEND = YES;
				ENABLE_TESTABILITY = YES;
				GCC_C_LANGUAGE_STANDARD = gnu11;
				GCC_DYNAMIC_NO_PIC = NO;
				GCC_NO_COMMON_BLOCKS = YES;
				GCC_OPTIMIZATION_LEVEL = 0;
				GCC_PREPROCESSOR_DEFINITIONS = (
					"$(inherited)",
					"DEBUG=1",
				);
				GCC_WARN_64_TO_32_BIT_CONVERSION = YES;
				GCC_WARN_ABOUT_RETURN_TYPE = YES_ERROR;
				GCC_WARN_UNDECLARED_SELECTOR = YES;
				GCC_WARN_UNINITIALIZED_AUTOS = YES_AGGRESSIVE;
				GCC_WARN_UNUSED_FUNCTION = YES;
				GCC_WARN_UNUSED_VARIABLE = YES;
				IPHONEOS_DEPLOYMENT_TARGET = 18.0;
				MTL_ENABLE_DEBUG_INFO = INCLUDE_SOURCE;
				MTL_FAST_MATH = YES;
				ONLY_ACTIVE_ARCH = YES;
				PRODUCT_NAME = "$(TARGET_NAME)";
				SDKROOT = iphoneos;
				SWIFT_ACTIVE_COMPILATION_CONDITIONS = DEBUG;
				SWIFT_OPTIMIZATION_LEVEL = "-Onone";
				SWIFT_VERSION = 6.0;
			};
			name = Debug;
		};
		D7E8CEE67974893740F0F3BC /* Debug */ = {
			isa = XCBuildConfiguration;
			buildSettings = {
				ASSETCATALOG_COMPILER_APPICON_NAME = AppIcon;
				CODE_SIGN_ENTITLEMENTS = Hermit/Hermit.entitlements;
				CODE_SIGN_IDENTITY = "iPhone Developer";
				CURRENT_PROJECT_VERSION = 1;
				GENERATE_INFOPLIST_FILE = YES;
				LD_RUNPATH_SEARCH_PATHS = (
					"$(inherited)",
					"@executable_path/Frameworks",
				);
				MARKETING_VERSION = 1.0;
				PRODUCT_BUNDLE_IDENTIFIER = com.hermit.Hermit;
				SDKROOT = iphoneos;
				SWIFT_STRICT_CONCURRENCY = complete;
				TARGETED_DEVICE_FAMILY = "1,2";
			};
			name = Debug;
		};
		B4C5D6E7F8A9B0C1D2E3F4A5 /* Debug */ = {
			isa = XCBuildConfiguration;
			buildSettings = {
				BUNDLE_LOADER = "$(TEST_HOST)";
				CODE_SIGN_IDENTITY = "iPhone Developer";
				CURRENT_PROJECT_VERSION = 1;
				GENERATE_INFOPLIST_FILE = YES;
				MARKETING_VERSION = 1.0;
				PRODUCT_BUNDLE_IDENTIFIER = com.hermit.HermitTests;
				SDKROOT = iphoneos;
				SWIFT_STRICT_CONCURRENCY = complete;
				TARGETED_DEVICE_FAMILY = "1,2";
				TEST_HOST = "$(BUILT_PRODUCTS_DIR)/Hermit.app/$(BUNDLE_EXECUTABLE_FOLDER_PATH)/Hermit";
			};
			name = Debug;
		};
		C5D6E7F8A9B0C1D2E3F4A5B6 /* Release */ = {
			isa = XCBuildConfiguration;
			buildSettings = {
				BUNDLE_LOADER = "$(TEST_HOST)";
				CODE_SIGN_IDENTITY = "iPhone Developer";
				CURRENT_PROJECT_VERSION = 1;
				GENERATE_INFOPLIST_FILE = YES;
				MARKETING_VERSION = 1.0;
				PRODUCT_BUNDLE_IDENTIFIER = com.hermit.HermitTests;
				SDKROOT = iphoneos;
				SWIFT_STRICT_CONCURRENCY = complete;
				TARGETED_DEVICE_FAMILY = "1,2";
				TEST_HOST = "$(BUILT_PRODUCTS_DIR)/Hermit.app/$(BUNDLE_EXECUTABLE_FOLDER_PATH)/Hermit";
			};
			name = Release;
		};
/* End XCBuildConfiguration section */

/* Begin XCConfigurationList section */
		01952ADC3E713A3CE50EFCE8 /* Build configuration list for PBXNativeTarget "Hermit" */ = {
			isa = XCConfigurationList;
			buildConfigurations = (
				D7E8CEE67974893740F0F3BC /* Debug */,
				652F5D8E73D89CD66D633E05 /* Release */,
			);
			defaultConfigurationIsVisible = 0;
			defaultConfigurationName = Debug;
		};
		7AC6A0295E4A3B2E9B323818 /* Build configuration list for PBXProject "Hermit" */ = {
			isa = XCConfigurationList;
			buildConfigurations = (
				AD333A996436D0A61FFE4178 /* Debug */,
				5EC21B74B82F1A5985F2B3CD /* Release */,
			);
			defaultConfigurationIsVisible = 0;
			defaultConfigurationName = Debug;
		};
		D6E7F8A9B0C1D2E3F4A5B6C7 /* Build configuration list for PBXNativeTarget "HermitTests" */ = {
			isa = XCConfigurationList;
			buildConfigurations = (
				B4C5D6E7F8A9B0C1D2E3F4A5 /* Debug */,
				C5D6E7F8A9B0C1D2E3F4A5B6 /* Release */,
			);
			defaultConfigurationIsVisible = 0;
			defaultConfigurationName = Debug;
		};
/* End XCConfigurationList section */

/* Begin XCRemoteSwiftPackageReference section */
		06A4A0E38D45F35ED613BEFF /* XCRemoteSwiftPackageReference "swift-tokenizers-mlx" */ = {
			isa = XCRemoteSwiftPackageReference;
			repositoryURL = "https://github.com/DePasqualeOrg/swift-tokenizers-mlx";
			requirement = {
				branch = main;
				kind = branch;
			};
		};
		13B1DB36B025B21BFC63FEAB /* XCRemoteSwiftPackageReference "mlx-swift" */ = {
			isa = XCRemoteSwiftPackageReference;
			repositoryURL = "https://github.com/ml-explore/mlx-swift";
			requirement = {
				kind = upToNextMajorVersion;
				minimumVersion = 0.10.0;
			};
		};
		7D9D3E30E01317B445A36534 /* XCRemoteSwiftPackageReference "swift-hf-api-mlx" */ = {
			isa = XCRemoteSwiftPackageReference;
			repositoryURL = "https://github.com/DePasqualeOrg/swift-hf-api-mlx";
			requirement = {
				branch = main;
				kind = branch;
			};
		};
		9F068CFC8E11424B54585C2A /* XCRemoteSwiftPackageReference "mlx-swift-lm" */ = {
			isa = XCRemoteSwiftPackageReference;
			repositoryURL = "https://github.com/DePasqualeOrg/mlx-swift-lm.git";
			requirement = {
				branch = "swift-tokenizers";
				kind = branch;
			};
		};
/* End XCRemoteSwiftPackageReference section */

/* Begin XCSwiftPackageProductDependency section */
		17DE4547CDA6641702324946 /* MLXLMTokenizers */ = {
			isa = XCSwiftPackageProductDependency;
			package = 06A4A0E38D45F35ED613BEFF /* XCRemoteSwiftPackageReference "swift-tokenizers-mlx" */;
			productName = MLXLMTokenizers;
		};
		53118A446E6A226F79469D5B /* MLXLLM */ = {
			isa = XCSwiftPackageProductDependency;
			package = 9F068CFC8E11424B54585C2A /* XCRemoteSwiftPackageReference "mlx-swift-lm" */;
			productName = MLXLLM;
		};
		687D05517582B55AFA650074 /* MLXEmbedders */ = {
			isa = XCSwiftPackageProductDependency;
			package = 9F068CFC8E11424B54585C2A /* XCRemoteSwiftPackageReference "mlx-swift-lm" */;
			productName = MLXEmbedders;
		};
		71EB3107E61C302B96996A71 /* MLXLMCommon */ = {
			isa = XCSwiftPackageProductDependency;
			package = 9F068CFC8E11424B54585C2A /* XCRemoteSwiftPackageReference "mlx-swift-lm" */;
			productName = MLXLMCommon;
		};
		80D0FB5150457BEAC5CE580C /* MLXLMHFAPI */ = {
			isa = XCSwiftPackageProductDependency;
			package = 7D9D3E30E01317B445A36534 /* XCRemoteSwiftPackageReference "swift-hf-api-mlx" */;
			productName = MLXLMHFAPI;
		};
		C6B7AE9D7E8B7C7EE587FE43 /* MLX */ = {
			isa = XCSwiftPackageProductDependency;
			package = 13B1DB36B025B21BFC63FEAB /* XCRemoteSwiftPackageReference "mlx-swift" */;
			productName = MLX;
		};
		E5CCB770138DB30705413B1C /* MLXEmbeddersHFAPI */ = {
			isa = XCSwiftPackageProductDependency;
			package = 7D9D3E30E01317B445A36534 /* XCRemoteSwiftPackageReference "swift-hf-api-mlx" */;
			productName = MLXEmbeddersHFAPI;
		};
/* End XCSwiftPackageProductDependency section */
	};
	rootObject = 33CC8C8311042E49570FB75D /* Project object */;
}
